# THIS IS AN AUTOGENERATED FILE. DO NOT EDIT THIS FILE DIRECTLY.
# yarn lockfile v1


tabris@^3.5.0:
  version "3.5.0"
  resolved "https://registry.yarnpkg.com/tabris/-/tabris-3.5.0.tgz#3cdb0d0ed6e33a8cd0ffc9f886da2ef0c279bf4b"
  integrity sha512-HosrF0axp1mpNd6Q7+HVVKrnhGIaTEbfwL/4m9gAJc8CkR0AyU6LioSBFdSxJtPwxVch+/Vi/4Gz3om2uMo9tQ==
